
Microsoft Visual Studio Solution File, Format Version 12.00
# Visual Studio Version 17
VisualStudioVersion = 17.4.33403.182
MinimumVisualStudioVersion = 10.0.40219.1
Project("{8BC9CEB8-8B4A-11D0-8D11-00A0C91BC942}") = "Text_EditorV2", "Text_EditorV2.vcxproj", "{A300A6A2-C489-457D-A5AD-4D4BDB3A1079}"
EndProject
Global
	GlobalSection(SolutionConfigurationPlatforms) = preSolution
		Debug|x64 = Debug|x64
		Debug|x86 = Debug|x86
		Release|x64 = Release|x64
		Release|x86 = Release|x86
	EndGlobalSection
	GlobalSection(ProjectConfigurationPlatforms) = postSolution
		{A300A6A2-C489-457D-A5AD-4D4BDB3A1079}.Debug|x64.ActiveCfg = Debug|x64
		{A300A6A2-C489-457D-A5AD-4D4BDB3A1079}.Debug|x64.Build.0 = Debug|x64
		{A300A6A2-C489-457D-A5AD-4D4BDB3A1079}.Debug|x86.ActiveCfg = Debug|Win32
		{A300A6A2-C489-457D-A5AD-4D4BDB3A1079}.Debug|x86.Build.0 = Debug|Win32
		{A300A6A2-C489-457D-A5AD-4D4BDB3A1079}.Release|x64.ActiveCfg = Release|x64
		{A300A6A2-C489-457D-A5AD-4D4BDB3A1079}.Release|x64.Build.0 = Release|x64
		{A300A6A2-C489-457D-A5AD-4D4BDB3A1079}.Release|x86.ActiveCfg = Release|Win32
		{A300A6A2-C489-457D-A5AD-4D4BDB3A1079}.Release|x86.Build.0 = Release|Win32
	EndGlobalSection
	GlobalSection(SolutionProperties) = preSolution
		HideSolutionNode = FALSE
	EndGlobalSection
	GlobalSection(ExtensibilityGlobals) = postSolution
		SolutionGuid = {7863237D-2806-4411-BC6E-A1E4F74C2328}
	EndGlobalSection
EndGlobal
